PODS:
  - Alamofire (2.0.0)
  - Crashlytics (3.3.1)
  - Fabric (1.5.1):
    - Fabric/Base (= 1.5.1)
  - Fabric/Base (1.5.1)
  - SWRevealViewController (2.3.0)
  - UIColor_Hex_Swift (1.1)

DEPENDENCIES:
  - Alamofire (~> 2.0)
  - Crashlytics
  - Fabric
  - SWRevealViewController (~> 2.3.0)
  - UIColor_Hex_Swift (~> 1.1)

SPEC CHECKSUMS:
  Alamofire: 2f13548b29d25a58ecd91c9225fb51493e2b782b
  Crashlytics: 0e61bdda9def51f1e99720f804eebe94865442b2
  Fabric: 03c3b3fe77e11a2bc31421b989a9c7adaa4779a5
  SWRevealViewController: 6d3fd97f70112fd7cef9de14df4260eacce4c63a
  UIColor_Hex_Swift: 55486cf30c685fab8621f4ec8efcc7713df08a67

COCOAPODS: 0.38.2
